{
  "name": "admin",
  "lockfileVersion": 3,
  "requires": true,
  "packages": {
    "": {
      "dependencies": {
        "@citizenfx/client": "^2.0.6704-1",
        "@citizenfx/server": "^2.0.6704-1",
        "colors": "^1.4.0"
      }
    },
    "node_modules/@citizenfx/client": {
      "version": "2.0.6704-1",
      "resolved": "https://registry.npmjs.org/@citizenfx/client/-/client-2.0.6704-1.tgz",
      "integrity": "sha512-0fPYLhC+jOVCo5kuqf4gVCo7MGZqe3PFcM/G/WTTPOzXR4UDgU2YbUs1vCfmIpCr+wL5nxOT5wnVxl+I6i3njw=="
    },
    "node_modules/@citizenfx/server": {
      "version": "2.0.6704-1",
      "resolved": "https://registry.npmjs.org/@citizenfx/server/-/server-2.0.6704-1.tgz",
      "integrity": "sha512-6hv87Ys1YOStesQ506vxQX/a2NCqyWHKu30Mev9gUz8Rt1XnDGUoZCTI0fwNj9mcZ+UuVtISCjdUGICbAHrfXQ=="
    },
    "node_modules/colors": {
      "version": "1.4.0",
      "resolved": "https://registry.npmjs.org/colors/-/colors-1.4.0.tgz",
      "integrity": "sha512-a+UqTh4kgZg/SlGvfbzDHpgRu7AAQOmmqRHJnxhRZICKFUT91brVhNNt58CMWU9PsBbv3PDCZUHbVxuDiH2mtA==",
      "engines": {
        "node": ">=0.1.90"
      }
    }
  }
}
